
Microsoft Visual Studio Solution File, Format Version 12.00
# Visual Studio 15
VisualStudioVersion = 15.0.28307.329
MinimumVisualStudioVersion = 10.0.40219.1
Project("{FAE04EC0-301F-11D3-BF4B-00C04F79EFBC}") = "Minsktelekomstroy", "Minsktelekomstroy\Minsktelekomstroy.csproj", "{731AC7A9-C1DD-4BD7-B80D-F02F839924D3}"
EndProject
Global
	GlobalSection(SolutionConfigurationPlatforms) = preSolution
		Debug|Any CPU = Debug|Any CPU
		Release|Any CPU = Release|Any CPU
	EndGlobalSection
	GlobalSection(ProjectConfigurationPlatforms) = postSolution
		{731AC7A9-C1DD-4BD7-B80D-F02F839924D3}.Debug|Any CPU.ActiveCfg = Debug|Any CPU
		{731AC7A9-C1DD-4BD7-B80D-F02F839924D3}.Debug|Any CPU.Build.0 = Debug|Any CPU
		{731AC7A9-C1DD-4BD7-B80D-F02F839924D3}.Release|Any CPU.ActiveCfg = Release|Any CPU
		{731AC7A9-C1DD-4BD7-B80D-F02F839924D3}.Release|Any CPU.Build.0 = Release|Any CPU
	EndGlobalSection
	GlobalSection(SolutionProperties) = preSolution
		HideSolutionNode = FALSE
	EndGlobalSection
	GlobalSection(ExtensibilityGlobals) = postSolution
		SolutionGuid = {EA9FE7C8-D00C-4F20-87E4-27E038475064}
	EndGlobalSection
EndGlobal
